
Microsoft Visual Studio Solution File, Format Version 12.00
# Visual Studio Version 17
VisualStudioVersion = 17.14.36518.9 d17.14
MinimumVisualStudioVersion = 10.0.40219.1
Project("{FAE04EC0-301F-11D3-BF4B-00C04F79EFBC}") = "BankApi", "BankApi.csproj", "{B3FEB18A-D14A-4BA0-9B40-C457CDAE6AB3}"
EndProject
Global
	GlobalSection(SolutionConfigurationPlatforms) = preSolution
		Debug|Any CPU = Debug|Any CPU
		Release|Any CPU = Release|Any CPU
	EndGlobalSection
	GlobalSection(ProjectConfigurationPlatforms) = postSolution
		{B3FEB18A-D14A-4BA0-9B40-C457CDAE6AB3}.Debug|Any CPU.ActiveCfg = Debug|Any CPU
		{B3FEB18A-D14A-4BA0-9B40-C457CDAE6AB3}.Debug|Any CPU.Build.0 = Debug|Any CPU
		{B3FEB18A-D14A-4BA0-9B40-C457CDAE6AB3}.Release|Any CPU.ActiveCfg = Release|Any CPU
		{B3FEB18A-D14A-4BA0-9B40-C457CDAE6AB3}.Release|Any CPU.Build.0 = Release|Any CPU
	EndGlobalSection
	GlobalSection(SolutionProperties) = preSolution
		HideSolutionNode = FALSE
	EndGlobalSection
	GlobalSection(ExtensibilityGlobals) = postSolution
		SolutionGuid = {0EA4AEDC-2127-4050-B3BE-7BBC18B63574}
	EndGlobalSection
EndGlobal
